PODS:
  - AFNetworking (2.4.1):
    - AFNetworking/NSURLConnection
    - AFNetworking/NSURLSession
    - AFNetworking/Reachability
    - AFNetworking/Security
    - AFNetworking/Serialization
    - AFNetworking/UIKit
  - AFNetworking/NSURLConnection (2.4.1):
    - AFNetworking/Reachability
    - AFNetworking/Security
    - AFNetworking/Serialization
  - AFNetworking/NSURLSession (2.4.1):
    - AFNetworking/Reachability
    - AFNetworking/Security
    - AFNetworking/Serialization
  - AFNetworking/Reachability (2.4.1)
  - AFNetworking/Security (2.4.1)
  - AFNetworking/Serialization (2.4.1)
  - AFNetworking/UIKit (2.4.1):
    - AFNetworking/NSURLConnection
    - AFNetworking/NSURLSession
  - BZGFormField (1.1.2)
  - EAIntroView (2.6.3)
  - FLKAutoLayout (0.1.1)
  - FXBlurView (1.3.3)
  - HTAutocompleteTextField (1.2.6)
  - KLSwitch (1.5)
  - Mantle (1.5):
    - Mantle/extobjc
  - Mantle/extobjc (1.5)
  - MCSwipeTableViewCell (1.1.1)
  - MJNIndexView (0.0.1)
  - OHHTTPStubs (2.0.0)
  - PonyDebugger (0.3.1):
    - SocketRocket
  - ReactiveCocoa (2.3.1):
    - ReactiveCocoa/UI
  - ReactiveCocoa/Core (2.3.1):
    - ReactiveCocoa/no-arc
  - ReactiveCocoa/no-arc (2.3.1)
  - ReactiveCocoa/UI (2.3.1):
    - ReactiveCocoa/Core
  - RESideMenu (4.0.6)
  - RHAddressBook (1.0.4)
  - RNThemeManager (0.1.0)
  - RSCategories (0.1)
  - SocketRocket (0.3.1-beta2)
  - SSDataKit (0.1.5)
  - TMCache (1.2.1)
  - UIImageViewModeScaleAspect (1.3)
  - WSCoachMarksView (0.2)

DEPENDENCIES:
  - AFNetworking (~> 2.0)
  - BZGFormField
  - EAIntroView (~> 2.6)
  - FLKAutoLayout (~> 0.1)
  - FXBlurView (~> 1.3.1)
  - HTAutocompleteTextField (~> 1.2.2)
  - KLSwitch (~> 1.5)
  - Mantle
  - MCSwipeTableViewCell (~> 1.1.1)
  - MJNIndexView (~> 0.0.1)
  - OHHTTPStubs (~> 2.0.0)
  - PonyDebugger (~> 0.3.0)
  - ReactiveCocoa (~> 2.0)
  - RESideMenu (~> 4.0)
  - RHAddressBook (~> 1.0.2)
  - RNThemeManager (~> 0.1.0)
  - RSCategories (~> 0.1)
  - SSDataKit (~> 0.1.5)
  - TMCache (~> 1.2.0)
  - UIImageViewModeScaleAspect (~> 1.1)
  - WSCoachMarksView (~> 0.2)

SPEC CHECKSUMS:
  AFNetworking: 0aabc6fae66d6e5d039eeb21c315843c7aae51ab
  BZGFormField: c469a07c251a9fd8bd8d8fce023896b15d752a99
  EAIntroView: 45924b81c153d1206ee24f4fa654e9d9dae79e93
  FLKAutoLayout: 9fa39aac2903b274fbeed6be74154cdb937a04fc
  FXBlurView: 293bebfe93f9ea34ea3d6a4448fdb618adb006f9
  HTAutocompleteTextField: 92ca48eb8f2a7fba756fb9f19bc54cba3391b8f4
  KLSwitch: 59cf72290c72f7104147ab12231e63f3a9041104
  Mantle: c67a7e45e14196ed42b2a7cbb98ff6a9920e6b92
  MCSwipeTableViewCell: 6fa07d7eebfbcbc377062ee9b6c5fc4d44187c46
  MJNIndexView: da55d920100e7e598b1f01027617f5e6e0883e6e
  OHHTTPStubs: 6aaaa08e9763f5d8013128a885e8a54a3b678606
  PonyDebugger: 256e19c15c093e15f950f92b1a5017f3feb3c87e
  ReactiveCocoa: dca75777b9d18990c8714a3a6f2149f29b4d1462
  RESideMenu: 1d9293d36a2b23cac86c86033b80ee06c7dc9e71
  RHAddressBook: 819c76f8e5649b81afd581e04a8c659e756ad1d1
  RNThemeManager: 3c5da94d26124f33aa46b50be607ab697fd06c17
  RSCategories: 3db1a7e644ee4ff1988b3f1c36b137bfe8ce2aae
  SocketRocket: 79a68ae186063c65e1fe6f638b1ae2927aa5f304
  SSDataKit: bdd910129d53a39a65ecb68357cd50ea255d4cc5
  TMCache: ed936c5b4684e4ea15113d46fba8829ed3baadad
  UIImageViewModeScaleAspect: 61ea5fbcbddab6ff8ae5fe86a657f9208dd19fda
  WSCoachMarksView: 77046a7df4ec38acb81edfacc717e5275f97a363

COCOAPODS: 0.33.1
